
Microsoft Visual Studio Solution File, Format Version 12.00
# Visual Studio 15
VisualStudioVersion = 15.0.28307.572
MinimumVisualStudioVersion = 10.0.40219.1
Project("{FAE04EC0-301F-11D3-BF4B-00C04F79EFBC}") = "TabuadaDesejada", "TabuadaDesejada\TabuadaDesejada.csproj", "{3B6D10A6-F36B-4328-A756-1406CFED607D}"
EndProject
Global
	GlobalSection(SolutionConfigurationPlatforms) = preSolution
		Debug|Any CPU = Debug|Any CPU
		Release|Any CPU = Release|Any CPU
	EndGlobalSection
	GlobalSection(ProjectConfigurationPlatforms) = postSolution
		{3B6D10A6-F36B-4328-A756-1406CFED607D}.Debug|Any CPU.ActiveCfg = Debug|Any CPU
		{3B6D10A6-F36B-4328-A756-1406CFED607D}.Debug|Any CPU.Build.0 = Debug|Any CPU
		{3B6D10A6-F36B-4328-A756-1406CFED607D}.Release|Any CPU.ActiveCfg = Release|Any CPU
		{3B6D10A6-F36B-4328-A756-1406CFED607D}.Release|Any CPU.Build.0 = Release|Any CPU
	EndGlobalSection
	GlobalSection(SolutionProperties) = preSolution
		HideSolutionNode = FALSE
	EndGlobalSection
	GlobalSection(ExtensibilityGlobals) = postSolution
		SolutionGuid = {AAE7D429-74B3-46E0-8BE1-9BCE6368B0E4}
	EndGlobalSection
EndGlobal
